
Microsoft Visual Studio Solution File, Format Version 12.00
# Visual Studio Version 16
VisualStudioVersion = 16.0.31105.61
MinimumVisualStudioVersion = 10.0.40219.1
Project("{9A19103F-16F7-4668-BE54-9A1E7A4F7556}") = "EsportStats.Server", "EsportStats\Server\EsportStats.Server.csproj", "{95A316A5-018D-471C-B69F-DBDFE279E0FE}"
EndProject
Project("{9A19103F-16F7-4668-BE54-9A1E7A4F7556}") = "EsportStats.Client", "EsportStats\Client\EsportStats.Client.csproj", "{4BE0F76B-8656-404A-ACDF-1CB37849B56A}"
EndProject
Project("{9A19103F-16F7-4668-BE54-9A1E7A4F7556}") = "EsportStats.Shared", "EsportStats\Shared\EsportStats.Shared.csproj", "{3764298E-4BD9-4635-87AC-930DEBE05936}"
EndProject
Global
	GlobalSection(SolutionConfigurationPlatforms) = preSolution
		Debug|Any CPU = Debug|Any CPU
		Release|Any CPU = Release|Any CPU
	EndGlobalSection
	GlobalSection(ProjectConfigurationPlatforms) = postSolution
		{95A316A5-018D-471C-B69F-DBDFE279E0FE}.Debug|Any CPU.ActiveCfg = Debug|Any CPU
		{95A316A5-018D-471C-B69F-DBDFE279E0FE}.Debug|Any CPU.Build.0 = Debug|Any CPU
		{95A316A5-018D-471C-B69F-DBDFE279E0FE}.Release|Any CPU.ActiveCfg = Release|Any CPU
		{95A316A5-018D-471C-B69F-DBDFE279E0FE}.Release|Any CPU.Build.0 = Release|Any CPU
		{4BE0F76B-8656-404A-ACDF-1CB37849B56A}.Debug|Any CPU.ActiveCfg = Debug|Any CPU
		{4BE0F76B-8656-404A-ACDF-1CB37849B56A}.Debug|Any CPU.Build.0 = Debug|Any CPU
		{4BE0F76B-8656-404A-ACDF-1CB37849B56A}.Release|Any CPU.ActiveCfg = Release|Any CPU
		{4BE0F76B-8656-404A-ACDF-1CB37849B56A}.Release|Any CPU.Build.0 = Release|Any CPU
		{3764298E-4BD9-4635-87AC-930DEBE05936}.Debug|Any CPU.ActiveCfg = Debug|Any CPU
		{3764298E-4BD9-4635-87AC-930DEBE05936}.Debug|Any CPU.Build.0 = Debug|Any CPU
		{3764298E-4BD9-4635-87AC-930DEBE05936}.Release|Any CPU.ActiveCfg = Release|Any CPU
		{3764298E-4BD9-4635-87AC-930DEBE05936}.Release|Any CPU.Build.0 = Release|Any CPU
	EndGlobalSection
	GlobalSection(SolutionProperties) = preSolution
		HideSolutionNode = FALSE
	EndGlobalSection
	GlobalSection(ExtensibilityGlobals) = postSolution
		LessCompiler = 4be0f76b-8656-404a-acdf-1cb37849b56a
		SolutionGuid = {108F8D90-B9CE-459A-97F0-8B440ADDF53A}
	EndGlobalSection
EndGlobal
